
Microsoft Visual Studio Solution File, Format Version 12.00
# Visual Studio 15
VisualStudioVersion = 15.0.27428.2037
MinimumVisualStudioVersion = 10.0.40219.1
Project("{8BC9CEB8-8B4A-11D0-8D11-00A0C91BC942}") = "lab2.1", "lab2.1\lab2.1.vcxproj", "{E7DFDA3C-5E10-4B49-B37A-3385CC277E73}"
EndProject
Global
	GlobalSection(SolutionConfigurationPlatforms) = preSolution
		Debug|x64 = Debug|x64
		Debug|x86 = Debug|x86
		Release|x64 = Release|x64
		Release|x86 = Release|x86
	EndGlobalSection
	GlobalSection(ProjectConfigurationPlatforms) = postSolution
		{E7DFDA3C-5E10-4B49-B37A-3385CC277E73}.Debug|x64.ActiveCfg = Debug|x64
		{E7DFDA3C-5E10-4B49-B37A-3385CC277E73}.Debug|x64.Build.0 = Debug|x64
		{E7DFDA3C-5E10-4B49-B37A-3385CC277E73}.Debug|x86.ActiveCfg = Debug|Win32
		{E7DFDA3C-5E10-4B49-B37A-3385CC277E73}.Debug|x86.Build.0 = Debug|Win32
		{E7DFDA3C-5E10-4B49-B37A-3385CC277E73}.Release|x64.ActiveCfg = Release|x64
		{E7DFDA3C-5E10-4B49-B37A-3385CC277E73}.Release|x64.Build.0 = Release|x64
		{E7DFDA3C-5E10-4B49-B37A-3385CC277E73}.Release|x86.ActiveCfg = Release|Win32
		{E7DFDA3C-5E10-4B49-B37A-3385CC277E73}.Release|x86.Build.0 = Release|Win32
	EndGlobalSection
	GlobalSection(SolutionProperties) = preSolution
		HideSolutionNode = FALSE
	EndGlobalSection
	GlobalSection(ExtensibilityGlobals) = postSolution
		SolutionGuid = {B6B0D3E8-22B1-485D-9FDA-B8A6593D1FF3}
	EndGlobalSection
EndGlobal
